
Microsoft Visual Studio Solution File, Format Version 12.00
# Visual Studio 2017
Project("{FAE04EC0-301F-11D3-BF4B-00C04F79EFBC}") = "InterProto", "InterProto.csproj", "{F2BB935A-C67A-8CFA-7E96-0C329A18B939}"
EndProject
Project("{FAE04EC0-301F-11D3-BF4B-00C04F79EFBC}") = "InterProto.Editor", "InterProto.Editor.csproj", "{981F5B8B-2929-B355-8F5A-6A1CEC91722C}"
EndProject
Project("{FAE04EC0-301F-11D3-BF4B-00C04F79EFBC}") = "InterProto.Editor", "InterProto.Editor.csproj", "{981F5B8B-2929-B355-8F5A-6A1CEC91722C}"
EndProject
Project("{FAE04EC0-301F-11D3-BF4B-00C04F79EFBC}") = "InterProto.Editor.Plugins", "InterProto.Editor.Plugins.csproj", "{EED2F3F5-C1EF-840B-E402-86F495E6F23A}"
EndProject
Global
	GlobalSection(SolutionConfigurationPlatforms) = preSolution
		Debug|Any CPU = Debug|Any CPU
		Release|Any CPU = Release|Any CPU
	EndGlobalSection
	GlobalSection(ProjectConfigurationPlatforms) = postSolution
		{F2BB935A-C67A-8CFA-7E96-0C329A18B939}.Debug|Any CPU.ActiveCfg = Debug|Any CPU
		{F2BB935A-C67A-8CFA-7E96-0C329A18B939}.Debug|Any CPU.Build.0 = Debug|Any CPU
		{F2BB935A-C67A-8CFA-7E96-0C329A18B939}.Release|Any CPU.ActiveCfg = Release|Any CPU
		{F2BB935A-C67A-8CFA-7E96-0C329A18B939}.Release|Any CPU.Build.0 = Release|Any CPU
		{981F5B8B-2929-B355-8F5A-6A1CEC91722C}.Debug|Any CPU.ActiveCfg = Debug|Any CPU
		{981F5B8B-2929-B355-8F5A-6A1CEC91722C}.Debug|Any CPU.Build.0 = Debug|Any CPU
		{981F5B8B-2929-B355-8F5A-6A1CEC91722C}.Release|Any CPU.ActiveCfg = Release|Any CPU
		{981F5B8B-2929-B355-8F5A-6A1CEC91722C}.Release|Any CPU.Build.0 = Release|Any CPU
		{981F5B8B-2929-B355-8F5A-6A1CEC91722C}.Debug|Any CPU.ActiveCfg = Debug|Any CPU
		{981F5B8B-2929-B355-8F5A-6A1CEC91722C}.Debug|Any CPU.Build.0 = Debug|Any CPU
		{981F5B8B-2929-B355-8F5A-6A1CEC91722C}.Release|Any CPU.ActiveCfg = Release|Any CPU
		{981F5B8B-2929-B355-8F5A-6A1CEC91722C}.Release|Any CPU.Build.0 = Release|Any CPU
		{EED2F3F5-C1EF-840B-E402-86F495E6F23A}.Debug|Any CPU.ActiveCfg = Debug|Any CPU
		{EED2F3F5-C1EF-840B-E402-86F495E6F23A}.Debug|Any CPU.Build.0 = Debug|Any CPU
		{EED2F3F5-C1EF-840B-E402-86F495E6F23A}.Release|Any CPU.ActiveCfg = Release|Any CPU
		{EED2F3F5-C1EF-840B-E402-86F495E6F23A}.Release|Any CPU.Build.0 = Release|Any CPU
	EndGlobalSection
	GlobalSection(SolutionProperties) = preSolution
		HideSolutionNode = FALSE
	EndGlobalSection
EndGlobal
